#MicroXplorer Configuration settings - do not modify
Mcu.Family=STM32F7
ProjectManager.MainLocation=Core/Src
RCC.I2SFreq_Value=96000000
ProjectManager.ProjectFileName=Blinky_Blue.ioc
RCC.SAI1Freq_Value=96000000
ProjectManager.KeepUserCode=true
Mcu.UserName=STM32F767ZITx
Mcu.PinsNb=4
ProjectManager.NoMain=false
RCC.PLLCLKFreq_Value=96000000
RCC.PLLQCLKFreq_Value=96000000
ProjectManager.functionlistsort=1-MX_GPIO_Init-GPIO-false-HAL-true,2-SystemClock_Config-RCC-false-HAL-false,3-MX_CORTEX_M7_Init-CORTEX_M7-false-HAL-true
PD8.Locked=true
ProjectManager.DefaultFWLocation=true
PD9.Signal=USART3_RX
RCC.PLLI2SRCLKFreq_Value=96000000
ProjectManager.DeletePrevious=true
PD9.Mode=Asynchronous
PinOutPanel.RotationAngle=0
RCC.FamilyName=M
ProjectManager.StackSize=0x400
USART3.VirtualMode-Asynchronous=VM_ASYNC
Mcu.IP4=USART3
Mcu.IP2=RCC
NVIC.SVCall_IRQn=true\:0\:0\:false\:false\:true\:false\:false
Mcu.IP3=SYS
Mcu.IP0=CORTEX_M7
Mcu.IP1=NVIC
Mcu.UserConstants=
ProjectManager.TargetToolchain=STM32CubeIDE
RCC.LCDTFTFreq_Value=48000000
RCC.SDMMCFreq_Value=16000000
Mcu.ThirdPartyNb=0
Mcu.IPNb=5
ProjectManager.PreviousToolchain=
RCC.SPDIFRXFreq_Value=96000000
RCC.SAI2Freq_Value=96000000
PD8.Signal=USART3_TX
ProjectManager.RegisterCallBack=
RCC.USBFreq_Value=96000000
RCC.VCOSAIOutputFreq_Value=192000000
RCC.PLLSAIoutputFreq_Value=96000000
RCC.LSE_VALUE=32768
PD8.Mode=Asynchronous
Mcu.Pin0=PD8
Mcu.Pin1=PD9
GPIO.groupedBy=Group By Peripherals
Mcu.Pin2=PB7
Mcu.Pin3=VP_SYS_VS_Systick
RCC.VCOI2SOutputFreq_Value=192000000
RCC.PLLSAIRCLKFreq_Value=96000000
ProjectManager.ProjectBuild=false
RCC.HSE_VALUE=25000000
NVIC.UsageFault_IRQn=true\:0\:0\:false\:false\:true\:false\:false
NVIC.DebugMonitor_IRQn=true\:0\:0\:false\:false\:true\:false\:false
RCC.PLLSAIPCLKFreq_Value=96000000
board=custom
RCC.VCOOutputFreq_Value=192000000
NVIC.SysTick_IRQn=true\:0\:0\:false\:false\:true\:false\:true
ProjectManager.LastFirmware=true
ProjectManager.FirmwarePackage=STM32Cube FW_F7 V1.16.1
MxDb.Version=DB.6.0.21
ProjectManager.BackupPrevious=false
MxCube.Version=6.2.1
RCC.VCOInputFreq_Value=1000000
RCC.PLLI2SPCLKFreq_Value=96000000
RCC.RNGFreq_Value=96000000
File.Version=6
VP_SYS_VS_Systick.Mode=SysTick
PB7.Signal=GPIO_Output
NVIC.NonMaskableInt_IRQn=true\:0\:0\:false\:false\:true\:false\:false
NVIC.PendSV_IRQn=true\:0\:0\:false\:false\:true\:false\:false
ProjectManager.FreePins=false
RCC.IPParameters=CECFreq_Value,DFSDMFreq_Value,FamilyName,HSE_VALUE,HSI_VALUE,I2SFreq_Value,LCDTFTFreq_Value,LSE_VALUE,LSI_VALUE,PLLCLKFreq_Value,PLLI2SPCLKFreq_Value,PLLI2SQCLKFreq_Value,PLLI2SRCLKFreq_Value,PLLQCLKFreq_Value,PLLSAIPCLKFreq_Value,PLLSAIQCLKFreq_Value,PLLSAIRCLKFreq_Value,PLLSAIoutputFreq_Value,RNGFreq_Value,SAI1Freq_Value,SAI2Freq_Value,SDMMC2Freq_Value,SDMMCFreq_Value,SPDIFRXFreq_Value,USBFreq_Value,VCOI2SOutputFreq_Value,VCOInputFreq_Value,VCOOutputFreq_Value,VCOSAIOutputFreq_Value
ProjectManager.AskForMigrate=true
Mcu.Name=STM32F767ZITx
RCC.PLLI2SQCLKFreq_Value=96000000
ProjectManager.HalAssertFull=false
ProjectManager.ProjectName=Blinky_Blue
ProjectManager.UnderRoot=true
ProjectManager.CoupleFile=false
Mcu.Package=LQFP144
NVIC.ForceEnableDMAVector=true
KeepUserPlacement=false
NVIC.MemoryManagement_IRQn=true\:0\:0\:false\:false\:true\:false\:false
ProjectManager.CompilerOptimize=6
ProjectManager.ToolChainLocation=
RCC.LSI_VALUE=32000
VP_SYS_VS_Systick.Signal=SYS_VS_Systick
USART3.IPParameters=VirtualMode-Asynchronous
ProjectManager.HeapSize=0x200
NVIC.HardFault_IRQn=true\:0\:0\:false\:false\:true\:false\:false
RCC.DFSDMFreq_Value=16000000
ProjectManager.ComputerToolchain=false
RCC.HSI_VALUE=16000000
NVIC.PriorityGroup=NVIC_PRIORITYGROUP_4
RCC.CECFreq_Value=32786.88524590164
PB7.Locked=true
NVIC.BusFault_IRQn=true\:0\:0\:false\:false\:true\:false\:false
PD9.Locked=true
RCC.SDMMC2Freq_Value=16000000
ProjectManager.CustomerFirmwarePackage=
ProjectManager.DeviceId=STM32F767ZITx
ProjectManager.LibraryCopy=1
RCC.PLLSAIQCLKFreq_Value=96000000
isbadioc=false
